
Microsoft Visual Studio Solution File, Format Version 12.00
# Visual Studio Version 17
VisualStudioVersion = 17.3.32922.545
MinimumVisualStudioVersion = 10.0.40219.1
Project("{9A19103F-16F7-4668-BE54-9A1E7A4F7556}") = "Library", "Library\Library.csproj", "{6908C53F-7AFE-4CF0-B309-9132A25E101F}"
EndProject
Project("{9A19103F-16F7-4668-BE54-9A1E7A4F7556}") = "Tests", "Tests\Tests.csproj", "{991997F9-645D-4012-8085-BAABA9A5D5E7}"
EndProject
Project("{9A19103F-16F7-4668-BE54-9A1E7A4F7556}") = "App", "App\App.csproj", "{9267DFF0-E7D7-43BD-8935-5BFC6B1D3A89}"
EndProject
Global
	GlobalSection(SolutionConfigurationPlatforms) = preSolution
		Debug|Any CPU = Debug|Any CPU
		Release|Any CPU = Release|Any CPU
	EndGlobalSection
	GlobalSection(ProjectConfigurationPlatforms) = postSolution
		{6908C53F-7AFE-4CF0-B309-9132A25E101F}.Debug|Any CPU.ActiveCfg = Debug|Any CPU
		{6908C53F-7AFE-4CF0-B309-9132A25E101F}.Debug|Any CPU.Build.0 = Debug|Any CPU
		{6908C53F-7AFE-4CF0-B309-9132A25E101F}.Release|Any CPU.ActiveCfg = Release|Any CPU
		{6908C53F-7AFE-4CF0-B309-9132A25E101F}.Release|Any CPU.Build.0 = Release|Any CPU
		{991997F9-645D-4012-8085-BAABA9A5D5E7}.Debug|Any CPU.ActiveCfg = Debug|Any CPU
		{991997F9-645D-4012-8085-BAABA9A5D5E7}.Debug|Any CPU.Build.0 = Debug|Any CPU
		{991997F9-645D-4012-8085-BAABA9A5D5E7}.Release|Any CPU.ActiveCfg = Release|Any CPU
		{991997F9-645D-4012-8085-BAABA9A5D5E7}.Release|Any CPU.Build.0 = Release|Any CPU
		{9267DFF0-E7D7-43BD-8935-5BFC6B1D3A89}.Debug|Any CPU.ActiveCfg = Debug|Any CPU
		{9267DFF0-E7D7-43BD-8935-5BFC6B1D3A89}.Debug|Any CPU.Build.0 = Debug|Any CPU
		{9267DFF0-E7D7-43BD-8935-5BFC6B1D3A89}.Release|Any CPU.ActiveCfg = Release|Any CPU
		{9267DFF0-E7D7-43BD-8935-5BFC6B1D3A89}.Release|Any CPU.Build.0 = Release|Any CPU
	EndGlobalSection
	GlobalSection(SolutionProperties) = preSolution
		HideSolutionNode = FALSE
	EndGlobalSection
	GlobalSection(ExtensibilityGlobals) = postSolution
		SolutionGuid = {23DD822F-9092-48C0-A5C7-A721FD910F58}
	EndGlobalSection
EndGlobal
